version: 2.0
shards:
  db:
    git: https://github.com/crystal-lang/crystal-db.git
    version: 0.10.1

  dotenv:
    git: https://github.com/gdotdesign/cr-dotenv.git
    version: 1.0.0

  exception_page:
    git: https://github.com/crystal-loot/exception_page.git
    version: 0.1.5

  github-repos:
    git: https://github.com/henrikac/github-repos.git
    version: 0.1.0+git.commit.a715e7aae6595064c85e8262fd926d13244c526b

  kemal:
    git: https://github.com/kemalcr/kemal.git
    version: 1.0.0

  kemal-csrf:
    git: https://github.com/kemalcr/kemal-csrf.git
    version: 1.0.0

  kemal-session:
    git: https://github.com/kemalcr/kemal-session.git
    version: 1.0.0

  kilt:
    git: https://github.com/jeromegn/kilt.git
    version: 0.4.1

  pg:
    git: https://github.com/will/crystal-pg.git
    version: 0.23.2

  radix:
    git: https://github.com/luislavena/radix.git
    version: 0.4.1

